
Microsoft Visual Studio Solution File, Format Version 12.00
# Visual Studio Version 17
VisualStudioVersion = 17.14.36511.14 d17.14
MinimumVisualStudioVersion = 10.0.40219.1
Project("{FAE04EC0-301F-11D3-BF4B-00C04F79EFBC}") = "baitap1", "baitap1\baitap1.csproj", "{AB7B8B71-BA9C-48E3-827B-B51385CFE126}"
EndProject
Global
	GlobalSection(SolutionConfigurationPlatforms) = preSolution
		Debug|Any CPU = Debug|Any CPU
		Release|Any CPU = Release|Any CPU
	EndGlobalSection
	GlobalSection(ProjectConfigurationPlatforms) = postSolution
		{AB7B8B71-BA9C-48E3-827B-B51385CFE126}.Debug|Any CPU.ActiveCfg = Debug|Any CPU
		{AB7B8B71-BA9C-48E3-827B-B51385CFE126}.Debug|Any CPU.Build.0 = Debug|Any CPU
		{AB7B8B71-BA9C-48E3-827B-B51385CFE126}.Release|Any CPU.ActiveCfg = Release|Any CPU
		{AB7B8B71-BA9C-48E3-827B-B51385CFE126}.Release|Any CPU.Build.0 = Release|Any CPU
	EndGlobalSection
	GlobalSection(SolutionProperties) = preSolution
		HideSolutionNode = FALSE
	EndGlobalSection
	GlobalSection(ExtensibilityGlobals) = postSolution
		SolutionGuid = {088E54DD-7587-43DB-9608-DCD7E2FD21C4}
	EndGlobalSection
EndGlobal
